PODS:
  - Flutter (1.0.0)
  - flutter_pdfview (1.0.2):
    - Flutter

DEPENDENCIES:
  - Flutter (from `Flutter`)
  - flutter_pdfview (from `.symlinks/plugins/flutter_pdfview/ios`)

EXTERNAL SOURCES:
  Flutter:
    :path: Flutter
  flutter_pdfview:
    :path: ".symlinks/plugins/flutter_pdfview/ios"

SPEC CHECKSUMS:
  Flutter: cabc95a1d2626b1b06e7179b784ebcf0c0cde467
  flutter_pdfview: 0f3c214d93afc2978e7cd995d922ba67717b3e1f

PODFILE CHECKSUM: ed0d52a64b354a4c4d76c12266a044eb2b7d5167

COCOAPODS: 1.16.2
