PODS:
  - Flutter (1.0.0)
  - flutter_pdfview (1.0.2):
    - Flutter

DEPENDENCIES:
  - Flutter (from `Flutter`)
  - flutter_pdfview (from `.symlinks/plugins/flutter_pdfview/ios`)

EXTERNAL SOURCES:
  Flutter:
    :path: Flutter
  flutter_pdfview:
    :path: ".symlinks/plugins/flutter_pdfview/ios"

SPEC CHECKSUMS:
  Flutter: cabc95a1d2626b1b06e7179b784ebcf0c0cde467
  flutter_pdfview: 2e4d13ffb774858562ffbdfdb61b40744b191adc

PODFILE CHECKSUM: 7201b8439e77fc74e990fa68a1f1ab75e0e53f0e

COCOAPODS: 1.16.2
